
Microsoft Visual Studio Solution File, Format Version 12.00
# Visual Studio Version 17
VisualStudioVersion = 17.1.32328.378
MinimumVisualStudioVersion = 10.0.40219.1
Project("{9A19103F-16F7-4668-BE54-9A1E7A4F7556}") = "CoinCheck.MainExec", "CoinCheck.MainExec.csproj", "{472B6381-FDA9-456A-993A-F8D51A8FD8FF}"
EndProject
Project("{9A19103F-16F7-4668-BE54-9A1E7A4F7556}") = "CoinCheck.BLL", "..\CoinCheck.BLL\CoinCheck.BLL.csproj", "{5E404895-890A-43E4-AB5C-F94576DA9696}"
EndProject
Project("{9A19103F-16F7-4668-BE54-9A1E7A4F7556}") = "CoinCheck.DAL", "..\CoinCheck.DAL\CoinCheck.DAL.csproj", "{C405FFA8-FCE5-446C-80D9-7D3A2C89EF09}"
EndProject
Project("{9A19103F-16F7-4668-BE54-9A1E7A4F7556}") = "CoinCheck.Utils", "..\CoinCheck.Utils\CoinCheck.Utils.csproj", "{031EBDAE-BC4E-4D1F-AF2F-4E09097BC3B9}"
EndProject
Project("{9A19103F-16F7-4668-BE54-9A1E7A4F7556}") = "CoinCheck.Models", "..\CoinCheck.Models\CoinCheck.Models.csproj", "{726B4AC6-CF77-47FC-97AC-5ABB819C09FA}"
EndProject
Project("{9A19103F-16F7-4668-BE54-9A1E7A4F7556}") = "CoinCheck.Entities", "..\CoinCheck.Entities\CoinCheck.Entities.csproj", "{6FD9398C-863D-4592-A982-DBC6F7EC0E99}"
EndProject
Project("{2150E333-8FDC-42A3-9474-1A3956D46DE8}") = "Solution Items", "Solution Items", "{2D53885F-9E03-43D7-A050-1E449435AF8D}"
	ProjectSection(SolutionItems) = preProject
		..\README.MD = ..\README.MD
	EndProjectSection
EndProject
Global
	GlobalSection(SolutionConfigurationPlatforms) = preSolution
		Debug|Any CPU = Debug|Any CPU
		Release|Any CPU = Release|Any CPU
	EndGlobalSection
	GlobalSection(ProjectConfigurationPlatforms) = postSolution
		{472B6381-FDA9-456A-993A-F8D51A8FD8FF}.Debug|Any CPU.ActiveCfg = Debug|Any CPU
		{472B6381-FDA9-456A-993A-F8D51A8FD8FF}.Debug|Any CPU.Build.0 = Debug|Any CPU
		{472B6381-FDA9-456A-993A-F8D51A8FD8FF}.Release|Any CPU.ActiveCfg = Release|Any CPU
		{472B6381-FDA9-456A-993A-F8D51A8FD8FF}.Release|Any CPU.Build.0 = Release|Any CPU
		{5E404895-890A-43E4-AB5C-F94576DA9696}.Debug|Any CPU.ActiveCfg = Debug|Any CPU
		{5E404895-890A-43E4-AB5C-F94576DA9696}.Debug|Any CPU.Build.0 = Debug|Any CPU
		{5E404895-890A-43E4-AB5C-F94576DA9696}.Release|Any CPU.ActiveCfg = Release|Any CPU
		{5E404895-890A-43E4-AB5C-F94576DA9696}.Release|Any CPU.Build.0 = Release|Any CPU
		{C405FFA8-FCE5-446C-80D9-7D3A2C89EF09}.Debug|Any CPU.ActiveCfg = Debug|Any CPU
		{C405FFA8-FCE5-446C-80D9-7D3A2C89EF09}.Debug|Any CPU.Build.0 = Debug|Any CPU
		{C405FFA8-FCE5-446C-80D9-7D3A2C89EF09}.Release|Any CPU.ActiveCfg = Release|Any CPU
		{C405FFA8-FCE5-446C-80D9-7D3A2C89EF09}.Release|Any CPU.Build.0 = Release|Any CPU
		{031EBDAE-BC4E-4D1F-AF2F-4E09097BC3B9}.Debug|Any CPU.ActiveCfg = Debug|Any CPU
		{031EBDAE-BC4E-4D1F-AF2F-4E09097BC3B9}.Debug|Any CPU.Build.0 = Debug|Any CPU
		{031EBDAE-BC4E-4D1F-AF2F-4E09097BC3B9}.Release|Any CPU.ActiveCfg = Release|Any CPU
		{031EBDAE-BC4E-4D1F-AF2F-4E09097BC3B9}.Release|Any CPU.Build.0 = Release|Any CPU
		{726B4AC6-CF77-47FC-97AC-5ABB819C09FA}.Debug|Any CPU.ActiveCfg = Debug|Any CPU
		{726B4AC6-CF77-47FC-97AC-5ABB819C09FA}.Debug|Any CPU.Build.0 = Debug|Any CPU
		{726B4AC6-CF77-47FC-97AC-5ABB819C09FA}.Release|Any CPU.ActiveCfg = Release|Any CPU
		{726B4AC6-CF77-47FC-97AC-5ABB819C09FA}.Release|Any CPU.Build.0 = Release|Any CPU
		{6FD9398C-863D-4592-A982-DBC6F7EC0E99}.Debug|Any CPU.ActiveCfg = Debug|Any CPU
		{6FD9398C-863D-4592-A982-DBC6F7EC0E99}.Debug|Any CPU.Build.0 = Debug|Any CPU
		{6FD9398C-863D-4592-A982-DBC6F7EC0E99}.Release|Any CPU.ActiveCfg = Release|Any CPU
		{6FD9398C-863D-4592-A982-DBC6F7EC0E99}.Release|Any CPU.Build.0 = Release|Any CPU
	EndGlobalSection
	GlobalSection(SolutionProperties) = preSolution
		HideSolutionNode = FALSE
	EndGlobalSection
	GlobalSection(ExtensibilityGlobals) = postSolution
		SolutionGuid = {9F2A1859-4AAE-4A65-931C-423C35890726}
	EndGlobalSection
EndGlobal
